
Microsoft Visual Studio Solution File, Format Version 12.00
Project("{FAE04EC0-301F-11D3-BF4B-00C04F79EFBC}") = "ColdFrameTests", "ColdFrameTests\ColdFrameTests.csproj", "{C6A978B5-D5E2-4363-BE5A-D37986BBE4EE}"
EndProject
Project("{FAE04EC0-301F-11D3-BF4B-00C04F79EFBC}") = "ColdFrame", "ColdFrame\ColdFrame.csproj", "{F60165E9-E132-44A8-A437-4566E0EB703B}"
EndProject
Global
	GlobalSection(SolutionConfigurationPlatforms) = preSolution
		Debug|Any CPU = Debug|Any CPU
		Release|Any CPU = Release|Any CPU
	EndGlobalSection
	GlobalSection(ProjectConfigurationPlatforms) = postSolution
		{C6A978B5-D5E2-4363-BE5A-D37986BBE4EE}.Debug|Any CPU.ActiveCfg = Debug|Any CPU
		{C6A978B5-D5E2-4363-BE5A-D37986BBE4EE}.Debug|Any CPU.Build.0 = Debug|Any CPU
		{C6A978B5-D5E2-4363-BE5A-D37986BBE4EE}.Release|Any CPU.ActiveCfg = Release|Any CPU
		{C6A978B5-D5E2-4363-BE5A-D37986BBE4EE}.Release|Any CPU.Build.0 = Release|Any CPU
		{F60165E9-E132-44A8-A437-4566E0EB703B}.Debug|Any CPU.ActiveCfg = Debug|Any CPU
		{F60165E9-E132-44A8-A437-4566E0EB703B}.Debug|Any CPU.Build.0 = Debug|Any CPU
		{F60165E9-E132-44A8-A437-4566E0EB703B}.Release|Any CPU.ActiveCfg = Release|Any CPU
		{F60165E9-E132-44A8-A437-4566E0EB703B}.Release|Any CPU.Build.0 = Release|Any CPU
	EndGlobalSection
EndGlobal
